
Microsoft Visual Studio Solution File, Format Version 12.00
# Visual Studio Version 17
VisualStudioVersion = 17.8.34322.80
MinimumVisualStudioVersion = 10.0.40219.1
Project("{FAE04EC0-301F-11D3-BF4B-00C04F79EFBC}") = "CoffeeDecorator", "CoffeeDecorator\CoffeeDecorator.csproj", "{FC5844D4-83D0-48F5-86E4-9CD0768630E2}"
EndProject
Global
	GlobalSection(SolutionConfigurationPlatforms) = preSolution
		Debug|Any CPU = Debug|Any CPU
		Release|Any CPU = Release|Any CPU
	EndGlobalSection
	GlobalSection(ProjectConfigurationPlatforms) = postSolution
		{FC5844D4-83D0-48F5-86E4-9CD0768630E2}.Debug|Any CPU.ActiveCfg = Debug|Any CPU
		{FC5844D4-83D0-48F5-86E4-9CD0768630E2}.Debug|Any CPU.Build.0 = Debug|Any CPU
		{FC5844D4-83D0-48F5-86E4-9CD0768630E2}.Release|Any CPU.ActiveCfg = Release|Any CPU
		{FC5844D4-83D0-48F5-86E4-9CD0768630E2}.Release|Any CPU.Build.0 = Release|Any CPU
	EndGlobalSection
	GlobalSection(SolutionProperties) = preSolution
		HideSolutionNode = FALSE
	EndGlobalSection
	GlobalSection(ExtensibilityGlobals) = postSolution
		SolutionGuid = {F86164CE-3AC4-4D1C-84D3-85DB71AA3198}
	EndGlobalSection
EndGlobal
